# THIS IS AN AUTOGENERATED FILE. DO NOT EDIT THIS FILE DIRECTLY.
# yarn lockfile v1


dom-urls@^1.1.0:
  version "1.1.0"
  resolved "https://registry.yarnpkg.com/dom-urls/-/dom-urls-1.1.0.tgz#001ddf81628cd1e706125c7176f53ccec55d918e"
  dependencies:
    urijs "^1.16.1"

urijs@^1.16.1:
  version "1.19.0"
  resolved "https://registry.yarnpkg.com/urijs/-/urijs-1.19.0.tgz#d8aa284d0e7469703a6988ad045c4cbfdf08ada0"
