# THIS IS AN AUTOGENERATED FILE. DO NOT EDIT THIS FILE DIRECTLY.
# yarn lockfile v1


browser-process-hrtime@^0.1.2:
  version "0.1.3"
  resolved "https://registry.yarnpkg.com/browser-process-hrtime/-/browser-process-hrtime-0.1.3.tgz#616f00faef1df7ec1b5bf9cfe2bdc3170f26c7b4"
  integrity sha512-bRFnI4NnjO6cnyLmOV/7PVoDEMJChlcfN0z4s1YMBY989/SvlfMI1lgCnkFUs53e9gQF+w7qu7XdllSTiSl8Aw==

dom-urls@^1.1.0:
  version "1.1.0"
  resolved "https://registry.yarnpkg.com/dom-urls/-/dom-urls-1.1.0.tgz#001ddf81628cd1e706125c7176f53ccec55d918e"
  dependencies:
    urijs "^1.16.1"

lodash._basefor@^3.0.0:
  version "3.0.3"
  resolved "https://registry.yarnpkg.com/lodash._basefor/-/lodash._basefor-3.0.3.tgz#7550b4e9218ef09fad24343b612021c79b4c20c2"
  integrity sha1-dVC06SGO8J+tJDQ7YSAhx5tMIMI=

lodash.isarguments@^3.0.0:
  version "3.1.0"
  resolved "https://registry.yarnpkg.com/lodash.isarguments/-/lodash.isarguments-3.1.0.tgz#2f573d85c6a24289ff00663b491c1d338ff3458a"
  integrity sha1-L1c9hcaiQon/AGY7SRwdM4/zRYo=

lodash.isarray@^3.0.0:
  version "3.0.4"
  resolved "https://registry.yarnpkg.com/lodash.isarray/-/lodash.isarray-3.0.4.tgz#79e4eb88c36a8122af86f844aa9bcd851b5fbb55"
  integrity sha1-eeTriMNqgSKvhvhEqpvNhRtfu1U=

lodash.isplainobject@^3.0.2:
  version "3.2.0"
  resolved "https://registry.yarnpkg.com/lodash.isplainobject/-/lodash.isplainobject-3.2.0.tgz#9a8238ae16b200432960cd7346512d0123fbf4c5"
  integrity sha1-moI4rhayAEMpYM1zRlEtASP79MU=
  dependencies:
    lodash._basefor "^3.0.0"
    lodash.isarguments "^3.0.0"
    lodash.keysin "^3.0.0"

lodash.keysin@^3.0.0:
  version "3.0.8"
  resolved "https://registry.yarnpkg.com/lodash.keysin/-/lodash.keysin-3.0.8.tgz#22c4493ebbedb1427962a54b445b2c8a767fb47f"
  integrity sha1-IsRJPrvtsUJ5YqVLRFssinZ/tH8=
  dependencies:
    lodash.isarguments "^3.0.0"
    lodash.isarray "^3.0.0"

realistic-structured-clone@^1.0.1:
  version "1.0.1"
  resolved "https://registry.yarnpkg.com/realistic-structured-clone/-/realistic-structured-clone-1.0.1.tgz#1abe82af0b80cd7b109fdaf5d29308032852d45d"
  integrity sha1-Gr6CrwuAzXsQn9r10pMIAyhS1F0=
  dependencies:
    lodash.isplainobject "^3.0.2"

shelving-mock-event@^1.0.12:
  version "1.0.12"
  resolved "https://registry.yarnpkg.com/shelving-mock-event/-/shelving-mock-event-1.0.12.tgz#401dc90b3b49cbf2a817ecf2dd5a83eff4de2e14"
  integrity sha512-2F+IZ010rwV3sA/Kd2hnC1vGNycsxeBJmjkXR8+4IOlv5e+Wvj+xH+A8Cv8/Z0lUyCut/HcxSpeDccYTVtnuaQ==

shelving-mock-indexeddb@^1.1.0:
  version "1.1.0"
  resolved "https://registry.yarnpkg.com/shelving-mock-indexeddb/-/shelving-mock-indexeddb-1.1.0.tgz#e065a8d7987d182d058e2b55f0f79a52d48a38f1"
  integrity sha512-akHJAmGL/dplJ4FZNxPxVbOxMw8Ey6wAnB9+3+GCUNqPUcJaskS55GijxZtarTfAYB4XQyu+FLtjcq2Oa3e2Lg==
  dependencies:
    realistic-structured-clone "^1.0.1"
    shelving-mock-event "^1.0.12"

urijs@^1.16.1:
  version "1.19.0"
  resolved "https://registry.yarnpkg.com/urijs/-/urijs-1.19.0.tgz#d8aa284d0e7469703a6988ad045c4cbfdf08ada0"

url-search-params@^0.10.0:
  version "0.10.2"
  resolved "https://registry.yarnpkg.com/url-search-params/-/url-search-params-0.10.2.tgz#e9da69646e48c6140c6732e1f07fb669525f5a4e"
  integrity sha512-d6GYsr992Bo9rzTZFc9BUw3UFAAg3prE9JGVBgW2TLTbI3rSvg4VDa0BFXHMzKkWbAuhrmaFWpucpRJl+3W7Jg==

w3c-hr-time@^1.0.1:
  version "1.0.1"
  resolved "https://registry.yarnpkg.com/w3c-hr-time/-/w3c-hr-time-1.0.1.tgz#82ac2bff63d950ea9e3189a58a65625fedf19045"
  integrity sha1-gqwr/2PZUOqeMYmlimViX+3xkEU=
  dependencies:
    browser-process-hrtime "^0.1.2"
